# This file is generated by running "yarn install" inside your project.
# Manual changes might be lost - proceed with caution!

__metadata:
  version: 4
  cacheKey: 7

"bcrypt-nodejs@npm:^0.0.3":
  version: 0.0.3
  resolution: "bcrypt-nodejs@npm:0.0.3"
  checksum: 402564978d73e9641f9071a769b6c3575485dcc22b018e3b1a8cb3bcc9ced609671daeacf27b1aadc0feea92984f29c94c42205f52789975f4c0ef92930ccfea
  languageName: node
  linkType: hard

"davidgerardomartinezhidrogo-backend@workspace:.":
  version: 0.0.0-use.local
  resolution: "davidgerardomartinezhidrogo-backend@workspace:."
  dependencies:
    bcrypt-nodejs: ^0.0.3
  languageName: unknown
  linkType: soft
